
Microsoft Visual Studio Solution File, Format Version 12.00
# Visual Studio Version 16
VisualStudioVersion = 16.0.31005.135
MinimumVisualStudioVersion = 10.0.40219.1
Project("{FAE04EC0-301F-11D3-BF4B-00C04F79EFBC}") = "WindowsFormsApp3", "WindowsFormsApp3\WindowsFormsApp3.csproj", "{6E9363FB-31B2-4E6B-82F8-758629483989}"
EndProject
Global
	GlobalSection(SolutionConfigurationPlatforms) = preSolution
		Debug|Any CPU = Debug|Any CPU
		Release|Any CPU = Release|Any CPU
	EndGlobalSection
	GlobalSection(ProjectConfigurationPlatforms) = postSolution
		{6E9363FB-31B2-4E6B-82F8-758629483989}.Debug|Any CPU.ActiveCfg = Debug|Any CPU
		{6E9363FB-31B2-4E6B-82F8-758629483989}.Debug|Any CPU.Build.0 = Debug|Any CPU
		{6E9363FB-31B2-4E6B-82F8-758629483989}.Release|Any CPU.ActiveCfg = Release|Any CPU
		{6E9363FB-31B2-4E6B-82F8-758629483989}.Release|Any CPU.Build.0 = Release|Any CPU
	EndGlobalSection
	GlobalSection(SolutionProperties) = preSolution
		HideSolutionNode = FALSE
	EndGlobalSection
	GlobalSection(ExtensibilityGlobals) = postSolution
		SolutionGuid = {C58D4602-B3E7-47FE-9D23-AA27F3AF0E64}
	EndGlobalSection
EndGlobal
